// !$*UTF8*$!
{
	archiveVersion = 1;
	classes = {
	};
	objectVersion = 50;
	objects = {

/* Begin PBXBuildFile section */
		CFAB4C4522A8455F00B1D409 /* Productos.swift in Sources */ = {isa = PBXBuildFile; fileRef = CFAB4C4422A8455F00B1D409 /* Productos.swift */; };
		CFB22D0B22A854BA004F43C6 /* Producto.swift in Sources */ = {isa = PBXBuildFile; fileRef = CFB22D0A22A854BA004F43C6 /* Producto.swift */; };
		CFB44F6822A6F65300E8A3D0 /* AppDelegate.swift in Sources */ = {isa = PBXBuildFile; fileRef = CFB44F6722A6F65300E8A3D0 /* AppDelegate.swift */; };
		CFB44F6A22A6F65300E8A3D0 /* ViewController.swift in Sources */ = {isa = PBXBuildFile; fileRef = CFB44F6922A6F65300E8A3D0 /* ViewController.swift */; };
		CFB44F6D22A6F65300E8A3D0 /* Main.storyboard in Resources */ = {isa = PBXBuildFile; fileRef = CFB44F6B22A6F65300E8A3D0 /* Main.storyboard */; };
		CFB44F6F22A6F65400E8A3D0 /* Assets.xcassets in Resources */ = {isa = PBXBuildFile; fileRef = CFB44F6E22A6F65400E8A3D0 /* Assets.xcassets */; };
		CFB44F7222A6F65400E8A3D0 /* LaunchScreen.storyboard in Resources */ = {isa = PBXBuildFile; fileRef = CFB44F7022A6F65400E8A3D0 /* LaunchScreen.storyboard */; };
/* End PBXBuildFile section */

/* Begin PBXFileReference section */
		CFAB4C4422A8455F00B1D409 /* Productos.swift */ = {isa = PBXFileReference; lastKnownFileType = sourcecode.swift; name = Productos.swift; path = ../../../Productos.swift; sourceTree = "<group>"; };
		CFB22D0A22A854BA004F43C6 /* Producto.swift */ = {isa = PBXFileReference; lastKnownFileType = sourcecode.swift; path = Producto.swift; sourceTree = "<group>"; };
		CFB44F6422A6F65300E8A3D0 /* Prototipo 1.2.app */ = {isa = PBXFileReference; explicitFileType = wrapper.application; includeInIndex = 0; path = "Prototipo 1.2.app"; sourceTree = BUILT_PRODUCTS_DIR; };
		CFB44F6722A6F65300E8A3D0 /* AppDelegate.swift */ = {isa = PBXFileReference; lastKnownFileType = sourcecode.swift; path = AppDelegate.swift; sourceTree = "<group>"; };
		CFB44F6922A6F65300E8A3D0 /* ViewController.swift */ = {isa = PBXFileReference; lastKnownFileType = sourcecode.swift; path = ViewController.swift; sourceTree = "<group>"; };
		CFB44F6C22A6F65300E8A3D0 /* Base */ = {isa = PBXFileReference; lastKnownFileType = file.storyboard; name = Base; path = Base.lproj/Main.storyboard; sourceTree = "<group>"; };
		CFB44F6E22A6F65400E8A3D0 /* Assets.xcassets */ = {isa = PBXFileReference; lastKnownFileType = folder.assetcatalog; path = Assets.xcassets; sourceTree = "<group>"; };
		CFB44F7122A6F65400E8A3D0 /* Base */ = {isa = PBXFileReference; lastKnownFileType = file.storyboard; name = Base; path = Base.lproj/LaunchScreen.storyboard; sourceTree = "<group>"; };
		CFB44F7322A6F65400E8A3D0 /* Info.plist */ = {isa = PBXFileReference; lastKnownFileType = text.plist.xml; path = Info.plist; sourceTree = "<group>"; };
/* End PBXFileReference section */

/* Begin PBXFrameworksBuildPhase section */
		CFB44F6122A6F65300E8A3D0 /* Frameworks */ = {
			isa = PBXFrameworksBuildPhase;
			buildActionMask = 2147483647;
			files = (
			);
			runOnlyForDeploymentPostprocessing = 0;
		};
/* End PBXFrameworksBuildPhase section */

/* Begin PBXGroup section */
		CFB44F5B22A6F65300E8A3D0 = {
			isa = PBXGroup;
			children = (
				CFB44F6622A6F65300E8A3D0 /* Prototipo 1.2 */,
				CFB44F6522A6F65300E8A3D0 /* Products */,
			);
			sourceTree = "<group>";
		};
		CFB44F6522A6F65300E8A3D0 /* Products */ = {
			isa = PBXGroup;
			children = (
				CFB44F6422A6F65300E8A3D0 /* Prototipo 1.2.app */,
			);
			name = Products;
			sourceTree = "<group>";
		};
		CFB44F6622A6F65300E8A3D0 /* Prototipo 1.2 */ = {
			isa = PBXGroup;
			children = (
				CFB44F6722A6F65300E8A3D0 /* AppDelegate.swift */,
				CFB44F6922A6F65300E8A3D0 /* ViewController.swift */,
				CFB44F6B22A6F65300E8A3D0 /* Main.storyboard */,
				CFB44F6E22A6F65400E8A3D0 /* Assets.xcassets */,
				CFB44F7022A6F65400E8A3D0 /* LaunchScreen.storyboard */,
				CFB44F7322A6F65400E8A3D0 /* Info.plist */,
				CFAB4C4422A8455F00B1D409 /* Productos.swift */,
				CFB22D0A22A854BA004F43C6 /* Producto.swift */,
			);
			path = "Prototipo 1.2";
			sourceTree = "<group>";
		};
/* End PBXGroup section */

/* Begin PBXNativeTarget section */
		CFB44F6322A6F65300E8A3D0 /* Prototipo 1.2 */ = {
			isa = PBXNativeTarget;
			buildConfigurationList = CFB44F7622A6F65400E8A3D0 /* Build configuration list for PBXNativeTarget "Prototipo 1.2" */;
			buildPhases = (
				CFB44F6022A6F65300E8A3D0 /* Sources */,
				CFB44F6122A6F65300E8A3D0 /* Frameworks */,
				CFB44F6222A6F65300E8A3D0 /* Resources */,
			);
			buildRules = (
			);
			dependencies = (
			);
			name = "Prototipo 1.2";
			productName = "Prototipo 1.2";
			productReference = CFB44F6422A6F65300E8A3D0 /* Prototipo 1.2.app */;
			productType = "com.apple.product-type.application";
		};
/* End PBXNativeTarget section */

/* Begin PBXProject section */
		CFB44F5C22A6F65300E8A3D0 /* Project object */ = {
			isa = PBXProject;
			attributes = {
				LastSwiftUpdateCheck = 1020;
				LastUpgradeCheck = 1020;
				ORGANIZATIONNAME = NEMZ;
				TargetAttributes = {
					CFB44F6322A6F65300E8A3D0 = {
						CreatedOnToolsVersion = 10.2.1;
					};
				};
			};
			buildConfigurationList = CFB44F5F22A6F65300E8A3D0 /* Build configuration list for PBXProject "Prototipo 1.2" */;
			compatibilityVersion = "Xcode 9.3";
			developmentRegion = en;
			hasScannedForEncodings = 0;
			knownRegions = (
				en,
				Base,
			);
			mainGroup = CFB44F5B22A6F65300E8A3D0;
			productRefGroup = CFB44F6522A6F65300E8A3D0 /* Products */;
			projectDirPath = "";
			projectRoot = "";
			targets = (
				CFB44F6322A6F65300E8A3D0 /* Prototipo 1.2 */,
			);
		};
/* End PBXProject section */

/* Begin PBXResourcesBuildPhase section */
		CFB44F6222A6F65300E8A3D0 /* Resources */ = {
			isa = PBXResourcesBuildPhase;
			buildActionMask = 2147483647;
			files = (
				CFB44F7222A6F65400E8A3D0 /* LaunchScreen.storyboard in Resources */,
				CFB44F6F22A6F65400E8A3D0 /* Assets.xcassets in Resources */,
				CFB44F6D22A6F65300E8A3D0 /* Main.storyboard in Resources */,
			);
			runOnlyForDeploymentPostprocessing = 0;
		};
/* End PBXResourcesBuildPhase section */

/* Begin PBXSourcesBuildPhase section */
		CFB44F6022A6F65300E8A3D0 /* Sources */ = {
			isa = PBXSourcesBuildPhase;
			buildActionMask = 2147483647;
			files = (
				CFB44F6A22A6F65300E8A3D0 /* ViewController.swift in Sources */,
				CFB22D0B22A854BA004F43C6 /* Producto.swift in Sources */,
				CFB44F6822A6F65300E8A3D0 /* AppDelegate.swift in Sources */,
				CFAB4C4522A8455F00B1D409 /* Productos.swift in Sources */,
			);
			runOnlyForDeploymentPostprocessing = 0;
		};
/* End PBXSourcesBuildPhase section */

/* Begin PBXVariantGroup section */
		CFB44F6B22A6F65300E8A3D0 /* Main.storyboard */ = {
			isa = PBXVariantGroup;
			children = (
				CFB44F6C22A6F65300E8A3D0 /* Base */,
			);
			name = Main.storyboard;
			sourceTree = "<group>";
		};
		CFB44F7022A6F65400E8A3D0 /* LaunchScreen.storyboard */ = {
			isa = PBXVariantGroup;
			children = (
				CFB44F7122A6F65400E8A3D0 /* Base */,
			);
			name = LaunchScreen.storyboard;
			sourceTree = "<group>";
		};
/* End PBXVariantGroup section */

/* Begin XCBuildConfiguration section */
		CFB44F7422A6F65400E8A3D0 /* Debug */ = {
			isa = XCBuildConfiguration;
			buildSettings = {
				ALWAYS_SEARCH_USER_PATHS = NO;
				CLANG_ANALYZER_NONNULL = YES;
				CLANG_ANALYZER_NUMBER_OBJECT_CONVERSION = YES_AGGRESSIVE;
				CLANG_CXX_LANGUAGE_STANDARD = "gnu++14";
				CLANG_CXX_LIBRARY = "libc++";
				CLANG_ENABLE_MODULES = YES;
				CLANG_ENABLE_OBJC_ARC = YES;
				CLANG_ENABLE_OBJC_WEAK = YES;
				CLANG_WARN_BLOCK_CAPTURE_AUTORELEASING = YES;
				CLANG_WARN_BOOL_CONVERSION = YES;
				CLANG_WARN_COMMA = YES;
				CLANG_WARN_CONSTANT_CONVERSION = YES;
				CLANG_WARN_DEPRECATED_OBJC_IMPLEMENTATIONS = YES;
				CLANG_WARN_DIRECT_OBJC_ISA_USAGE = YES_ERROR;
				CLANG_WARN_DOCUMENTATION_COMMENTS = YES;
				CLANG_WARN_EMPTY_BODY = YES;
				CLANG_WARN_ENUM_CONVERSION = YES;
				CLANG_WARN_INFINITE_RECURSION = YES;
				CLANG_WARN_INT_CONVERSION = YES;
				CLANG_WARN_NON_LITERAL_NULL_CONVERSION = YES;
				CLANG_WARN_OBJC_IMPLICIT_RETAIN_SELF = YES;
				CLANG_WARN_OBJC_LITERAL_CONVERSION = YES;
				CLANG_WARN_OBJC_ROOT_CLASS = YES_ERROR;
				CLANG_WARN_RANGE_LOOP_ANALYSIS = YES;
				CLANG_WARN_STRICT_PROTOTYPES = YES;
				CLANG_WARN_SUSPICIOUS_MOVE = YES;
				CLANG_WARN_UNGUARDED_AVAILABILITY = YES_AGGRESSIVE;
				CLANG_WARN_UNREACHABLE_CODE = YES;
				CLANG_WARN__DUPLICATE_METHOD_MATCH = YES;
				CODE_SIGN_IDENTITY = "iPhone Developer";
				COPY_PHASE_STRIP = NO;
				DEBUG_INFORMATION_FORMAT = dwarf;
				ENABLE_STRICT_OBJC_MSGSEND = YES;
				ENABLE_TESTABILITY = YES;
				GCC_C_LANGUAGE_STANDARD = gnu11;
				GCC_DYNAMIC_NO_PIC = NO;
				GCC_NO_COMMON_BLOCKS = YES;
				GCC_OPTIMIZATION_LEVEL = 0;
				GCC_PREPROCESSOR_DEFINITIONS = (
					"DEBUG=1",
					"$(inherited)",
				);
				GCC_WARN_64_TO_32_BIT_CONVERSION = YES;
				GCC_WARN_ABOUT_RETURN_TYPE = YES_ERROR;
				GCC_WARN_UNDECLARED_SELECTOR = YES;
				GCC_WARN_UNINITIALIZED_AUTOS = YES_AGGRESSIVE;
				GCC_WARN_UNUSED_FUNCTION = YES;
				GCC_WARN_UNUSED_VARIABLE = YES;
				IPHONEOS_DEPLOYMENT_TARGET = 12.2;
				MTL_ENABLE_DEBUG_INFO = INCLUDE_SOURCE;
				MTL_FAST_MATH = YES;
				ONLY_ACTIVE_ARCH = YES;
				SDKROOT = iphoneos;
				SWIFT_ACTIVE_COMPILATION_CONDITIONS = DEBUG;
				SWIFT_OPTIMIZATION_LEVEL = "-Onone";
			};
			name = Debug;
		};
		CFB44F7522A6F65400E8A3D0 /* Release */ = {
			isa = XCBuildConfiguration;
			buildSettings = {
				ALWAYS_SEARCH_USER_PATHS = NO;
				CLANG_ANALYZER_NONNULL = YES;
				CLANG_ANALYZER_NUMBER_OBJECT_CONVERSION = YES_AGGRESSIVE;
				CLANG_CXX_LANGUAGE_STANDARD = "gnu++14";
				CLANG_CXX_LIBRARY = "libc++";
				CLANG_ENABLE_MODULES = YES;
				CLANG_ENABLE_OBJC_ARC = YES;
				CLANG_ENABLE_OBJC_WEAK = YES;
				CLANG_WARN_BLOCK_CAPTURE_AUTORELEASING = YES;
				CLANG_WARN_BOOL_CONVERSION = YES;
				CLANG_WARN_COMMA = YES;
				CLANG_WARN_CONSTANT_CONVERSION = YES;
				CLANG_WARN_DEPRECATED_OBJC_IMPLEMENTATIONS = YES;
				CLANG_WARN_DIRECT_OBJC_ISA_USAGE = YES_ERROR;
				CLANG_WARN_DOCUMENTATION_COMMENTS = YES;
				CLANG_WARN_EMPTY_BODY = YES;
				CLANG_WARN_ENUM_CONVERSION = YES;
				CLANG_WARN_INFINITE_RECURSION = YES;
				CLANG_WARN_INT_CONVERSION = YES;
				CLANG_WARN_NON_LITERAL_NULL_CONVERSION = YES;
				CLANG_WARN_OBJC_IMPLICIT_RETAIN_SELF = YES;
				CLANG_WARN_OBJC_LITERAL_CONVERSION = YES;
				CLANG_WARN_OBJC_ROOT_CLASS = YES_ERROR;
				CLANG_WARN_RANGE_LOOP_ANALYSIS = YES;
				CLANG_WARN_STRICT_PROTOTYPES = YES;
				CLANG_WARN_SUSPICIOUS_MOVE = YES;
				CLANG_WARN_UNGUARDED_AVAILABILITY = YES_AGGRESSIVE;
				CLANG_WARN_UNREACHABLE_CODE = YES;
				CLANG_WARN__DUPLICATE_METHOD_MATCH = YES;
				CODE_SIGN_IDENTITY = "iPhone Developer";
				COPY_PHASE_STRIP = NO;
				DEBUG_INFORMATION_FORMAT = "dwarf-with-dsym";
				ENABLE_NS_ASSERTIONS = NO;
				ENABLE_STRICT_OBJC_MSGSEND = YES;
				GCC_C_LANGUAGE_STANDARD = gnu11;
				GCC_NO_COMMON_BLOCKS = YES;
				GCC_WARN_64_TO_32_BIT_CONVERSION = YES;
				GCC_WARN_ABOUT_RETURN_TYPE = YES_ERROR;
				GCC_WARN_UNDECLARED_SELECTOR = YES;
				GCC_WARN_UNINITIALIZED_AUTOS = YES_AGGRESSIVE;
				GCC_WARN_UNUSED_FUNCTION = YES;
				GCC_WARN_UNUSED_VARIABLE = YES;
				IPHONEOS_DEPLOYMENT_TARGET = 12.2;
				MTL_ENABLE_DEBUG_INFO = NO;
				MTL_FAST_MATH = YES;
				SDKROOT = iphoneos;
				SWIFT_COMPILATION_MODE = wholemodule;
				SWIFT_OPTIMIZATION_LEVEL = "-O";
				VALIDATE_PRODUCT = YES;
			};
			name = Release;
		};
		CFB44F7722A6F65400E8A3D0 /* Debug */ = {
			isa = XCBuildConfiguration;
			buildSettings = {
				ASSETCATALOG_COMPILER_APPICON_NAME = AppIcon;
				CODE_SIGN_STYLE = Automatic;
				INFOPLIST_FILE = "Prototipo 1.2/Info.plist";
				LD_RUNPATH_SEARCH_PATHS = (
					"$(inherited)",
					"@executable_path/Frameworks",
				);
				PRODUCT_BUNDLE_IDENTIFIER = "NEMZ.Prototipo-1-2";
				PRODUCT_NAME = "$(TARGET_NAME)";
				SWIFT_VERSION = 5.0;
				TARGETED_DEVICE_FAMILY = "1,2";
			};
			name = Debug;
		};
		CFB44F7822A6F65400E8A3D0 /* Release */ = {
			isa = XCBuildConfiguration;
			buildSettings = {
				ASSETCATALOG_COMPILER_APPICON_NAME = AppIcon;
				CODE_SIGN_STYLE = Automatic;
				INFOPLIST_FILE = "Prototipo 1.2/Info.plist";
				LD_RUNPATH_SEARCH_PATHS = (
					"$(inherited)",
					"@executable_path/Frameworks",
				);
				PRODUCT_BUNDLE_IDENTIFIER = "NEMZ.Prototipo-1-2";
				PRODUCT_NAME = "$(TARGET_NAME)";
				SWIFT_VERSION = 5.0;
				TARGETED_DEVICE_FAMILY = "1,2";
			};
			name = Release;
		};
/* End XCBuildConfiguration section */

/* Begin XCConfigurationList section */
		CFB44F5F22A6F65300E8A3D0 /* Build configuration list for PBXProject "Prototipo 1.2" */ = {
			isa = XCConfigurationList;
			buildConfigurations = (
				CFB44F7422A6F65400E8A3D0 /* Debug */,
				CFB44F7522A6F65400E8A3D0 /* Release */,
			);
			defaultConfigurationIsVisible = 0;
			defaultConfigurationName = Release;
		};
		CFB44F7622A6F65400E8A3D0 /* Build configuration list for PBXNativeTarget "Prototipo 1.2" */ = {
			isa = XCConfigurationList;
			buildConfigurations = (
				CFB44F7722A6F65400E8A3D0 /* Debug */,
				CFB44F7822A6F65400E8A3D0 /* Release */,
			);
			defaultConfigurationIsVisible = 0;
			defaultConfigurationName = Release;
		};
/* End XCConfigurationList section */
	};
	rootObject = CFB44F5C22A6F65300E8A3D0 /* Project object */;
}
